
Microsoft Visual Studio Solution File, Format Version 12.00
Project("{2150E333-8FDC-42A3-9474-1A3956D46DE8}") = "src", "src", "{6BC9182D-9DAF-40DC-ABE2-04016D870192}"
EndProject
Project("{2150E333-8FDC-42A3-9474-1A3956D46DE8}") = "app", "app", "{F2BFF466-FB99-46C4-9646-58EE327D4B50}"
EndProject
Project("{2150E333-8FDC-42A3-9474-1A3956D46DE8}") = "api", "api", "{78D78A86-2948-4C25-AA01-D110E127C90E}"
EndProject
Project("{2150E333-8FDC-42A3-9474-1A3956D46DE8}") = "tenant", "tenant", "{FB22FA29-4474-4DAF-A6DD-650DA9C4A5D5}"
EndProject
Project("{2150E333-8FDC-42A3-9474-1A3956D46DE8}") = "bff", "bff", "{D3AC37F5-BE3D-4A63-9D9A-A3BD2B846549}"
EndProject
Project("{FAE04EC0-301F-11D3-BF4B-00C04F79EFBC}") = "Tenant.Api", "src\tenant\Tenant.Api\Tenant.Api.csproj", "{5D72EA38-A83A-4E0C-B7BF-01EC1DC9314C}"
EndProject
Project("{FAE04EC0-301F-11D3-BF4B-00C04F79EFBC}") = "Tenant.Application", "src\tenant\Tenant.Application\Tenant.Application.csproj", "{7D41DC06-FD66-4548-8782-DF3422A05709}"
EndProject
Project("{FAE04EC0-301F-11D3-BF4B-00C04F79EFBC}") = "Tenant.Domain", "src\tenant\Tenant.Domain\Tenant.Domain.csproj", "{31BBCF95-EB55-4353-912B-6542538693CA}"
EndProject
Project("{FAE04EC0-301F-11D3-BF4B-00C04F79EFBC}") = "Tenant.Infrastructure", "src\tenant\Tenant.Infrastructure\Tenant.Infrastructure.csproj", "{0B498712-25BC-40C0-9AEE-BF4B308F5792}"
EndProject
Project("{2150E333-8FDC-42A3-9474-1A3956D46DE8}") = "libraries", "libraries", "{F0CD3A08-2F0C-4BCA-887F-8185F82DE039}"
EndProject
Project("{FAE04EC0-301F-11D3-BF4B-00C04F79EFBC}") = "Rubic", "src\libraries\Rubic\Rubic.csproj", "{85C40F4C-C156-4F21-B14D-AFBA9B75FB6F}"
EndProject
Project("{FAE04EC0-301F-11D3-BF4B-00C04F79EFBC}") = "Rubic.Caching", "src\libraries\Rubic.Caching\Rubic.Caching.csproj", "{8F7F1CE5-6A24-4369-8AED-307202A6391A}"
EndProject
Project("{FAE04EC0-301F-11D3-BF4B-00C04F79EFBC}") = "Rubic.AspNetCore", "src\libraries\Rubic.AspNetCore\Rubic.AspNetCore.csproj", "{23EA8382-91D6-424E-B63C-3604CC00BEDB}"
EndProject
Project("{FAE04EC0-301F-11D3-BF4B-00C04F79EFBC}") = "Rubic.EntityFramework", "src\libraries\Rubic.EntityFramework\Rubic.EntityFramework.csproj", "{2A882B5C-AF60-426D-BD8B-F28016ED4901}"
EndProject
Project("{FAE04EC0-301F-11D3-BF4B-00C04F79EFBC}") = "Rubic.MediatR", "src\libraries\Rubic.MediatR\Rubic.MediatR.csproj", "{B09F922A-63E9-4474-AC74-EDA4BABB134A}"
EndProject
Project("{FAE04EC0-301F-11D3-BF4B-00C04F79EFBC}") = "Rubic.Data", "src\libraries\Rubic.Data\Rubic.Data.csproj", "{E51939E0-EB5D-4490-861E-86C9C4FC7D36}"
EndProject
Project("{FAE04EC0-301F-11D3-BF4B-00C04F79EFBC}") = "BFF.Api", "src\bff\BFF.Api\BFF.Api.csproj", "{F6E7BA99-A8AF-4B02-B967-7C7455198AB9}"
EndProject
Project("{2150E333-8FDC-42A3-9474-1A3956D46DE8}") = "Solution Items", "Solution Items", "{6963ECFB-AFE9-44FB-BA34-6366FD1C2A5D}"
	ProjectSection(SolutionItems) = preProject
		Directory.Build.targets = Directory.Build.targets
		docker-compose.yml = docker-compose.yml
		nuget.config = nuget.config
		README.md = README.md
	EndProjectSection
EndProject
Project("{FAE04EC0-301F-11D3-BF4B-00C04F79EFBC}") = "Commerce.Api", "src\api\Commerce.Api\Commerce.Api.csproj", "{4FC89057-DBBB-4AED-8681-5FD0D1C1DE16}"
EndProject
Project("{FAE04EC0-301F-11D3-BF4B-00C04F79EFBC}") = "Commerce.Application", "src\api\Commerce.Application\Commerce.Application.csproj", "{1C7DD4A2-4D12-4B7A-9970-D205CE6E70C3}"
EndProject
Project("{FAE04EC0-301F-11D3-BF4B-00C04F79EFBC}") = "Commerce.Domain", "src\api\Commerce.Domain\Commerce.Domain.csproj", "{CF5C17B4-E98F-4064-A9E0-31496FF4E9AB}"
EndProject
Project("{FAE04EC0-301F-11D3-BF4B-00C04F79EFBC}") = "Commerce.Infrastructure", "src\api\Commerce.Infrastructure\Commerce.Infrastructure.csproj", "{EE99966D-C97E-4C12-918F-735677C49AD6}"
EndProject
Project("{FAE04EC0-301F-11D3-BF4B-00C04F79EFBC}") = "Commerce.App", "src\app\Commerce.App\Commerce.App.csproj", "{E8A48FF8-3C22-4CD1-AFEB-61371A15C738}"
EndProject
Global
	GlobalSection(SolutionConfigurationPlatforms) = preSolution
		Debug|Any CPU = Debug|Any CPU
		Release|Any CPU = Release|Any CPU
	EndGlobalSection
	GlobalSection(NestedProjects) = preSolution
		{F2BFF466-FB99-46C4-9646-58EE327D4B50} = {6BC9182D-9DAF-40DC-ABE2-04016D870192}
		{78D78A86-2948-4C25-AA01-D110E127C90E} = {6BC9182D-9DAF-40DC-ABE2-04016D870192}
		{FB22FA29-4474-4DAF-A6DD-650DA9C4A5D5} = {6BC9182D-9DAF-40DC-ABE2-04016D870192}
		{D3AC37F5-BE3D-4A63-9D9A-A3BD2B846549} = {6BC9182D-9DAF-40DC-ABE2-04016D870192}
		{5D72EA38-A83A-4E0C-B7BF-01EC1DC9314C} = {FB22FA29-4474-4DAF-A6DD-650DA9C4A5D5}
		{7D41DC06-FD66-4548-8782-DF3422A05709} = {FB22FA29-4474-4DAF-A6DD-650DA9C4A5D5}
		{31BBCF95-EB55-4353-912B-6542538693CA} = {FB22FA29-4474-4DAF-A6DD-650DA9C4A5D5}
		{0B498712-25BC-40C0-9AEE-BF4B308F5792} = {FB22FA29-4474-4DAF-A6DD-650DA9C4A5D5}
		{F0CD3A08-2F0C-4BCA-887F-8185F82DE039} = {6BC9182D-9DAF-40DC-ABE2-04016D870192}
		{85C40F4C-C156-4F21-B14D-AFBA9B75FB6F} = {F0CD3A08-2F0C-4BCA-887F-8185F82DE039}
		{8F7F1CE5-6A24-4369-8AED-307202A6391A} = {F0CD3A08-2F0C-4BCA-887F-8185F82DE039}
		{23EA8382-91D6-424E-B63C-3604CC00BEDB} = {F0CD3A08-2F0C-4BCA-887F-8185F82DE039}
		{2A882B5C-AF60-426D-BD8B-F28016ED4901} = {F0CD3A08-2F0C-4BCA-887F-8185F82DE039}
		{B09F922A-63E9-4474-AC74-EDA4BABB134A} = {F0CD3A08-2F0C-4BCA-887F-8185F82DE039}
		{E51939E0-EB5D-4490-861E-86C9C4FC7D36} = {F0CD3A08-2F0C-4BCA-887F-8185F82DE039}
		{F6E7BA99-A8AF-4B02-B967-7C7455198AB9} = {D3AC37F5-BE3D-4A63-9D9A-A3BD2B846549}
		{4FC89057-DBBB-4AED-8681-5FD0D1C1DE16} = {78D78A86-2948-4C25-AA01-D110E127C90E}
		{1C7DD4A2-4D12-4B7A-9970-D205CE6E70C3} = {78D78A86-2948-4C25-AA01-D110E127C90E}
		{CF5C17B4-E98F-4064-A9E0-31496FF4E9AB} = {78D78A86-2948-4C25-AA01-D110E127C90E}
		{EE99966D-C97E-4C12-918F-735677C49AD6} = {78D78A86-2948-4C25-AA01-D110E127C90E}
		{E8A48FF8-3C22-4CD1-AFEB-61371A15C738} = {F2BFF466-FB99-46C4-9646-58EE327D4B50}
	EndGlobalSection
	GlobalSection(ProjectConfigurationPlatforms) = postSolution
		{5D72EA38-A83A-4E0C-B7BF-01EC1DC9314C}.Debug|Any CPU.ActiveCfg = Debug|Any CPU
		{5D72EA38-A83A-4E0C-B7BF-01EC1DC9314C}.Debug|Any CPU.Build.0 = Debug|Any CPU
		{5D72EA38-A83A-4E0C-B7BF-01EC1DC9314C}.Release|Any CPU.ActiveCfg = Release|Any CPU
		{5D72EA38-A83A-4E0C-B7BF-01EC1DC9314C}.Release|Any CPU.Build.0 = Release|Any CPU
		{7D41DC06-FD66-4548-8782-DF3422A05709}.Debug|Any CPU.ActiveCfg = Debug|Any CPU
		{7D41DC06-FD66-4548-8782-DF3422A05709}.Debug|Any CPU.Build.0 = Debug|Any CPU
		{7D41DC06-FD66-4548-8782-DF3422A05709}.Release|Any CPU.ActiveCfg = Release|Any CPU
		{7D41DC06-FD66-4548-8782-DF3422A05709}.Release|Any CPU.Build.0 = Release|Any CPU
		{31BBCF95-EB55-4353-912B-6542538693CA}.Debug|Any CPU.ActiveCfg = Debug|Any CPU
		{31BBCF95-EB55-4353-912B-6542538693CA}.Debug|Any CPU.Build.0 = Debug|Any CPU
		{31BBCF95-EB55-4353-912B-6542538693CA}.Release|Any CPU.ActiveCfg = Release|Any CPU
		{31BBCF95-EB55-4353-912B-6542538693CA}.Release|Any CPU.Build.0 = Release|Any CPU
		{0B498712-25BC-40C0-9AEE-BF4B308F5792}.Debug|Any CPU.ActiveCfg = Debug|Any CPU
		{0B498712-25BC-40C0-9AEE-BF4B308F5792}.Debug|Any CPU.Build.0 = Debug|Any CPU
		{0B498712-25BC-40C0-9AEE-BF4B308F5792}.Release|Any CPU.ActiveCfg = Release|Any CPU
		{0B498712-25BC-40C0-9AEE-BF4B308F5792}.Release|Any CPU.Build.0 = Release|Any CPU
		{85C40F4C-C156-4F21-B14D-AFBA9B75FB6F}.Debug|Any CPU.ActiveCfg = Debug|Any CPU
		{85C40F4C-C156-4F21-B14D-AFBA9B75FB6F}.Debug|Any CPU.Build.0 = Debug|Any CPU
		{85C40F4C-C156-4F21-B14D-AFBA9B75FB6F}.Release|Any CPU.ActiveCfg = Release|Any CPU
		{85C40F4C-C156-4F21-B14D-AFBA9B75FB6F}.Release|Any CPU.Build.0 = Release|Any CPU
		{8F7F1CE5-6A24-4369-8AED-307202A6391A}.Debug|Any CPU.ActiveCfg = Debug|Any CPU
		{8F7F1CE5-6A24-4369-8AED-307202A6391A}.Debug|Any CPU.Build.0 = Debug|Any CPU
		{8F7F1CE5-6A24-4369-8AED-307202A6391A}.Release|Any CPU.ActiveCfg = Release|Any CPU
		{8F7F1CE5-6A24-4369-8AED-307202A6391A}.Release|Any CPU.Build.0 = Release|Any CPU
		{23EA8382-91D6-424E-B63C-3604CC00BEDB}.Debug|Any CPU.ActiveCfg = Debug|Any CPU
		{23EA8382-91D6-424E-B63C-3604CC00BEDB}.Debug|Any CPU.Build.0 = Debug|Any CPU
		{23EA8382-91D6-424E-B63C-3604CC00BEDB}.Release|Any CPU.ActiveCfg = Release|Any CPU
		{23EA8382-91D6-424E-B63C-3604CC00BEDB}.Release|Any CPU.Build.0 = Release|Any CPU
		{2A882B5C-AF60-426D-BD8B-F28016ED4901}.Debug|Any CPU.ActiveCfg = Debug|Any CPU
		{2A882B5C-AF60-426D-BD8B-F28016ED4901}.Debug|Any CPU.Build.0 = Debug|Any CPU
		{2A882B5C-AF60-426D-BD8B-F28016ED4901}.Release|Any CPU.ActiveCfg = Release|Any CPU
		{2A882B5C-AF60-426D-BD8B-F28016ED4901}.Release|Any CPU.Build.0 = Release|Any CPU
		{B09F922A-63E9-4474-AC74-EDA4BABB134A}.Debug|Any CPU.ActiveCfg = Debug|Any CPU
		{B09F922A-63E9-4474-AC74-EDA4BABB134A}.Debug|Any CPU.Build.0 = Debug|Any CPU
		{B09F922A-63E9-4474-AC74-EDA4BABB134A}.Release|Any CPU.ActiveCfg = Release|Any CPU
		{B09F922A-63E9-4474-AC74-EDA4BABB134A}.Release|Any CPU.Build.0 = Release|Any CPU
		{E51939E0-EB5D-4490-861E-86C9C4FC7D36}.Debug|Any CPU.ActiveCfg = Debug|Any CPU
		{E51939E0-EB5D-4490-861E-86C9C4FC7D36}.Debug|Any CPU.Build.0 = Debug|Any CPU
		{E51939E0-EB5D-4490-861E-86C9C4FC7D36}.Release|Any CPU.ActiveCfg = Release|Any CPU
		{E51939E0-EB5D-4490-861E-86C9C4FC7D36}.Release|Any CPU.Build.0 = Release|Any CPU
		{F6E7BA99-A8AF-4B02-B967-7C7455198AB9}.Debug|Any CPU.ActiveCfg = Debug|Any CPU
		{F6E7BA99-A8AF-4B02-B967-7C7455198AB9}.Debug|Any CPU.Build.0 = Debug|Any CPU
		{F6E7BA99-A8AF-4B02-B967-7C7455198AB9}.Release|Any CPU.ActiveCfg = Release|Any CPU
		{F6E7BA99-A8AF-4B02-B967-7C7455198AB9}.Release|Any CPU.Build.0 = Release|Any CPU
		{4FC89057-DBBB-4AED-8681-5FD0D1C1DE16}.Debug|Any CPU.ActiveCfg = Debug|Any CPU
		{4FC89057-DBBB-4AED-8681-5FD0D1C1DE16}.Debug|Any CPU.Build.0 = Debug|Any CPU
		{4FC89057-DBBB-4AED-8681-5FD0D1C1DE16}.Release|Any CPU.ActiveCfg = Release|Any CPU
		{4FC89057-DBBB-4AED-8681-5FD0D1C1DE16}.Release|Any CPU.Build.0 = Release|Any CPU
		{1C7DD4A2-4D12-4B7A-9970-D205CE6E70C3}.Debug|Any CPU.ActiveCfg = Debug|Any CPU
		{1C7DD4A2-4D12-4B7A-9970-D205CE6E70C3}.Debug|Any CPU.Build.0 = Debug|Any CPU
		{1C7DD4A2-4D12-4B7A-9970-D205CE6E70C3}.Release|Any CPU.ActiveCfg = Release|Any CPU
		{1C7DD4A2-4D12-4B7A-9970-D205CE6E70C3}.Release|Any CPU.Build.0 = Release|Any CPU
		{CF5C17B4-E98F-4064-A9E0-31496FF4E9AB}.Debug|Any CPU.ActiveCfg = Debug|Any CPU
		{CF5C17B4-E98F-4064-A9E0-31496FF4E9AB}.Debug|Any CPU.Build.0 = Debug|Any CPU
		{CF5C17B4-E98F-4064-A9E0-31496FF4E9AB}.Release|Any CPU.ActiveCfg = Release|Any CPU
		{CF5C17B4-E98F-4064-A9E0-31496FF4E9AB}.Release|Any CPU.Build.0 = Release|Any CPU
		{EE99966D-C97E-4C12-918F-735677C49AD6}.Debug|Any CPU.ActiveCfg = Debug|Any CPU
		{EE99966D-C97E-4C12-918F-735677C49AD6}.Debug|Any CPU.Build.0 = Debug|Any CPU
		{EE99966D-C97E-4C12-918F-735677C49AD6}.Release|Any CPU.ActiveCfg = Release|Any CPU
		{EE99966D-C97E-4C12-918F-735677C49AD6}.Release|Any CPU.Build.0 = Release|Any CPU
		{E8A48FF8-3C22-4CD1-AFEB-61371A15C738}.Debug|Any CPU.ActiveCfg = Debug|Any CPU
		{E8A48FF8-3C22-4CD1-AFEB-61371A15C738}.Debug|Any CPU.Build.0 = Debug|Any CPU
		{E8A48FF8-3C22-4CD1-AFEB-61371A15C738}.Release|Any CPU.ActiveCfg = Release|Any CPU
		{E8A48FF8-3C22-4CD1-AFEB-61371A15C738}.Release|Any CPU.Build.0 = Release|Any CPU
	EndGlobalSection
EndGlobal
